{
  "object": {
    "pins": [
      {
        "package": "AFNetworking",
        "repositoryURL": "https://github.com/AFNetworking/AFNetworking.git",
        "state": {
          "branch": null,
          "revision": "ffae2391ab0c29dc88eb0a58d2f5b2c2c27cadbf",
          "version": "4.0.1"
        }
      },
      {
        "package": "HTMLString",
        "repositoryURL": "https://github.com/alexaubry/HTMLString",
        "state": {
          "branch": null,
          "revision": "04613a3b0f40a91e554b5174c0a10657f1a26357",
          "version": "6.0.1"
        }
      },
      {
        "package": "NWEventPopup",
        "repositoryURL": "https://github.com/hlkim/NWEventPopup.git",
        "state": {
          "branch": null,
          "revision": "02ab3d94de1c9c012fd41d6d975e8a61ba83f6c8",
          "version": "1.0.1"
        }
      }
    ]
  },
  "version": 1
}
